PODS:
  - Alamofire (4.8.2)
  - EzPopup (1.1)
  - SwiftyJSON (5.0.0)

DEPENDENCIES:
  - Alamofire
  - EzPopup
  - SwiftyJSON

SPEC CHECKSUMS:
  Alamofire: ae5c501addb7afdbb13687d7f2f722c78734c2d3
  EzPopup: b959cfb0d70d782a28e770a96c454df0401467c7
  SwiftyJSON: 36413e04c44ee145039d332b4f4e2d3e8d6c4db7

PODFILE CHECKSUM: 625942983bb9ceec7408f9ccd59566ced95ad01f

COCOAPODS: 1.4.0
